
Microsoft Visual Studio Solution File, Format Version 12.00
# Visual Studio Version 16
VisualStudioVersion = 16.0.31729.503
MinimumVisualStudioVersion = 10.0.40219.1
Project("{FAE04EC0-301F-11D3-BF4B-00C04F79EFBC}") = "HW3", "HW3.csproj", "{165EBB96-DFBA-45FD-9430-D15F9D8B5BE1}"
EndProject
Global
	GlobalSection(SolutionConfigurationPlatforms) = preSolution
		Debug|Any CPU = Debug|Any CPU
		Release|Any CPU = Release|Any CPU
	EndGlobalSection
	GlobalSection(ProjectConfigurationPlatforms) = postSolution
		{165EBB96-DFBA-45FD-9430-D15F9D8B5BE1}.Debug|Any CPU.ActiveCfg = Debug|Any CPU
		{165EBB96-DFBA-45FD-9430-D15F9D8B5BE1}.Debug|Any CPU.Build.0 = Debug|Any CPU
		{165EBB96-DFBA-45FD-9430-D15F9D8B5BE1}.Release|Any CPU.ActiveCfg = Release|Any CPU
		{165EBB96-DFBA-45FD-9430-D15F9D8B5BE1}.Release|Any CPU.Build.0 = Release|Any CPU
	EndGlobalSection
	GlobalSection(SolutionProperties) = preSolution
		HideSolutionNode = FALSE
	EndGlobalSection
	GlobalSection(ExtensibilityGlobals) = postSolution
		SolutionGuid = {D47FEAD8-92FF-4333-8EE9-6CF55E99948A}
	EndGlobalSection
EndGlobal
